
Microsoft Visual Studio Solution File, Format Version 12.00
# Visual Studio Version 16
VisualStudioVersion = 16.0.29020.237
MinimumVisualStudioVersion = 10.0.40219.1
Project("{FAE04EC0-301F-11D3-BF4B-00C04F79EFBC}") = "Sinky", "Sinky\Sinky.csproj", "{18620F87-05DB-48EF-9C8B-ECAFC5EE6F31}"
EndProject
Global
	GlobalSection(SolutionConfigurationPlatforms) = preSolution
		Debug|Any CPU = Debug|Any CPU
		Release|Any CPU = Release|Any CPU
	EndGlobalSection
	GlobalSection(ProjectConfigurationPlatforms) = postSolution
		{18620F87-05DB-48EF-9C8B-ECAFC5EE6F31}.Debug|Any CPU.ActiveCfg = Debug|Any CPU
		{18620F87-05DB-48EF-9C8B-ECAFC5EE6F31}.Debug|Any CPU.Build.0 = Debug|Any CPU
		{18620F87-05DB-48EF-9C8B-ECAFC5EE6F31}.Release|Any CPU.ActiveCfg = Release|Any CPU
		{18620F87-05DB-48EF-9C8B-ECAFC5EE6F31}.Release|Any CPU.Build.0 = Release|Any CPU
	EndGlobalSection
	GlobalSection(SolutionProperties) = preSolution
		HideSolutionNode = FALSE
	EndGlobalSection
	GlobalSection(ExtensibilityGlobals) = postSolution
		SolutionGuid = {CA17C3C9-40A5-4D47-8E51-9D5705AD429A}
	EndGlobalSection
EndGlobal
